# Generated by Kiln. Commit this file; do not edit it by hand.

version = 1
generated_by = "kiln 0.1.0"

[project]
name = "python-app"

[platform.linux-aarch64-gnu.runtime.python]
provider = "python"
requirement = "3.13"
version = "3.13.15"

[platform.linux-aarch64-gnu.runtime.python.artifact]
url = "https://github.com/astral-sh/python-build-standalone/releases/download/20260814/cpython-3.13.15+20260814-aarch64-unknown-linux-gnu-install_only.tar.gz"
digest = "sha256:303efcce34b86fd8b0d8a260327dbf8d0d4fba6d2d77b2bca311e8bbd19265e1"
format = "tar.gz"

[platform.linux-aarch64-musl.runtime.python]
provider = "python"
requirement = "3.13"
version = "3.13.15"

[platform.linux-aarch64-musl.runtime.python.artifact]
url = "https://github.com/astral-sh/python-build-standalone/releases/download/20260814/cpython-3.13.15+20260814-aarch64-unknown-linux-musl-install_only.tar.gz"
digest = "sha256:048d666295c4aa3b063825c8a3db3276082314a0bf304bb742ca87de5a78188b"
format = "tar.gz"

[platform.linux-x86_64-gnu.runtime.python]
provider = "python"
requirement = "3.13"
version = "3.13.15"

[platform.linux-x86_64-gnu.runtime.python.artifact]
url = "https://github.com/astral-sh/python-build-standalone/releases/download/20260814/cpython-3.13.15+20260814-x86_64-unknown-linux-gnu-install_only.tar.gz"
digest = "sha256:45816a2653b47a6cc48d8ada4ea1185758a4c2db389d012b31e0205e5ccb548b"
format = "tar.gz"

[platform.linux-x86_64-musl.runtime.python]
provider = "python"
requirement = "3.13"
version = "3.13.15"

[platform.linux-x86_64-musl.runtime.python.artifact]
url = "https://github.com/astral-sh/python-build-standalone/releases/download/20260814/cpython-3.13.15+20260814-x86_64-unknown-linux-musl-install_only.tar.gz"
digest = "sha256:7d88e02da23ca035f7ad70769cda14881002e199125997a8ef1fe646468e619e"
format = "tar.gz"

[platform.macos-aarch64.runtime.python]
provider = "python"
requirement = "3.13"
version = "3.13.15"

[platform.macos-aarch64.runtime.python.artifact]
url = "https://github.com/astral-sh/python-build-standalone/releases/download/20260814/cpython-3.13.15+20260814-aarch64-apple-darwin-install_only.tar.gz"
digest = "sha256:7d50bb42813a5644db7c40d3ad79361d0b724bb29d25a91fab1048c2c5c6a8c5"
format = "tar.gz"

[platform.macos-x86_64.runtime.python]
provider = "python"
requirement = "3.13"
version = "3.13.15"

[platform.macos-x86_64.runtime.python.artifact]
url = "https://github.com/astral-sh/python-build-standalone/releases/download/20260814/cpython-3.13.15+20260814-x86_64-apple-darwin-install_only.tar.gz"
digest = "sha256:44bb8a1d97c070deb30880b2b7fe681c1e9cf727cb950709e022dc195cdfdf4f"
format = "tar.gz"
